
Microsoft Visual Studio Solution File, Format Version 12.00
# Visual Studio 15
Project("{FAE04EC0-301F-11D3-BF4B-00C04F79EFBC}") = "SteamVR", "SteamVR.csproj", "{C07BAD1A-F3C1-BEDC-1541-BC24369FEE93}"
EndProject
Project("{FAE04EC0-301F-11D3-BF4B-00C04F79EFBC}") = "TobiiXRCore", "TobiiXRCore.csproj", "{A1591AD1-BF0C-D7A5-8765-1E77A67425D9}"
EndProject
Project("{FAE04EC0-301F-11D3-BF4B-00C04F79EFBC}") = "TobiiXRDevTools", "TobiiXRDevTools.csproj", "{3EFC4E5D-23F0-57DA-043E-396559F39678}"
EndProject
Project("{FAE04EC0-301F-11D3-BF4B-00C04F79EFBC}") = "Assembly-CSharp", "Assembly-CSharp.csproj", "{7DBDA760-FAED-CF66-D562-42E9C7E1CA5C}"
EndProject
Project("{FAE04EC0-301F-11D3-BF4B-00C04F79EFBC}") = "TobiiXRSDK", "TobiiXRSDK.csproj", "{2D2D5787-5868-1D9D-9BB2-95C5B35AC528}"
EndProject
Project("{FAE04EC0-301F-11D3-BF4B-00C04F79EFBC}") = "TobiiXRG2OM", "TobiiXRG2OM.csproj", "{D219A1A5-D05D-933A-BDF0-DA8AE57B93F2}"
EndProject
Project("{FAE04EC0-301F-11D3-BF4B-00C04F79EFBC}") = "SteamVR_Actions", "SteamVR_Actions.csproj", "{B99CB7F1-1BE1-AA45-A95D-E2C206AD72EC}"
EndProject
Project("{FAE04EC0-301F-11D3-BF4B-00C04F79EFBC}") = "TobiiXRInternalEditor", "TobiiXRInternalEditor.csproj", "{6D42C859-2F77-DB12-2A99-9890FC1FA19F}"
EndProject
Project("{FAE04EC0-301F-11D3-BF4B-00C04F79EFBC}") = "SteamVR_Input_Editor", "SteamVR_Input_Editor.csproj", "{6BB4446D-8BAC-DDA8-D530-FD56D25E0CAD}"
EndProject
Project("{FAE04EC0-301F-11D3-BF4B-00C04F79EFBC}") = "SteamVR_Editor", "SteamVR_Editor.csproj", "{F561D48F-4F7E-E339-907A-CD4D92E954F9}"
EndProject
Project("{FAE04EC0-301F-11D3-BF4B-00C04F79EFBC}") = "GazeModifierEditor", "GazeModifierEditor.csproj", "{08332F2F-C099-A6A8-80DD-B2F10D489777}"
EndProject
Project("{FAE04EC0-301F-11D3-BF4B-00C04F79EFBC}") = "SteamVR_Windows_EditorHelper", "SteamVR_Windows_EditorHelper.csproj", "{162386EB-F870-A9D6-12CF-2AB2EF12D8EA}"
EndProject
Project("{FAE04EC0-301F-11D3-BF4B-00C04F79EFBC}") = "TobiiXREditor", "TobiiXREditor.csproj", "{7AE62B1D-5495-C019-DFB2-CFE1D4BA51E4}"
EndProject
Global
	GlobalSection(SolutionConfigurationPlatforms) = preSolution
		Debug|Any CPU = Debug|Any CPU
		Release|Any CPU = Release|Any CPU
	EndGlobalSection
	GlobalSection(ProjectConfigurationPlatforms) = postSolution
		{C07BAD1A-F3C1-BEDC-1541-BC24369FEE93}.Debug|Any CPU.ActiveCfg = Debug|Any CPU
		{C07BAD1A-F3C1-BEDC-1541-BC24369FEE93}.Debug|Any CPU.Build.0 = Debug|Any CPU
		{C07BAD1A-F3C1-BEDC-1541-BC24369FEE93}.Release|Any CPU.ActiveCfg = Release|Any CPU
		{C07BAD1A-F3C1-BEDC-1541-BC24369FEE93}.Release|Any CPU.Build.0 = Release|Any CPU
		{A1591AD1-BF0C-D7A5-8765-1E77A67425D9}.Debug|Any CPU.ActiveCfg = Debug|Any CPU
		{A1591AD1-BF0C-D7A5-8765-1E77A67425D9}.Debug|Any CPU.Build.0 = Debug|Any CPU
		{A1591AD1-BF0C-D7A5-8765-1E77A67425D9}.Release|Any CPU.ActiveCfg = Release|Any CPU
		{A1591AD1-BF0C-D7A5-8765-1E77A67425D9}.Release|Any CPU.Build.0 = Release|Any CPU
		{3EFC4E5D-23F0-57DA-043E-396559F39678}.Debug|Any CPU.ActiveCfg = Debug|Any CPU
		{3EFC4E5D-23F0-57DA-043E-396559F39678}.Debug|Any CPU.Build.0 = Debug|Any CPU
		{3EFC4E5D-23F0-57DA-043E-396559F39678}.Release|Any CPU.ActiveCfg = Release|Any CPU
		{3EFC4E5D-23F0-57DA-043E-396559F39678}.Release|Any CPU.Build.0 = Release|Any CPU
		{7DBDA760-FAED-CF66-D562-42E9C7E1CA5C}.Debug|Any CPU.ActiveCfg = Debug|Any CPU
		{7DBDA760-FAED-CF66-D562-42E9C7E1CA5C}.Debug|Any CPU.Build.0 = Debug|Any CPU
		{7DBDA760-FAED-CF66-D562-42E9C7E1CA5C}.Release|Any CPU.ActiveCfg = Release|Any CPU
		{7DBDA760-FAED-CF66-D562-42E9C7E1CA5C}.Release|Any CPU.Build.0 = Release|Any CPU
		{2D2D5787-5868-1D9D-9BB2-95C5B35AC528}.Debug|Any CPU.ActiveCfg = Debug|Any CPU
		{2D2D5787-5868-1D9D-9BB2-95C5B35AC528}.Debug|Any CPU.Build.0 = Debug|Any CPU
		{2D2D5787-5868-1D9D-9BB2-95C5B35AC528}.Release|Any CPU.ActiveCfg = Release|Any CPU
		{2D2D5787-5868-1D9D-9BB2-95C5B35AC528}.Release|Any CPU.Build.0 = Release|Any CPU
		{D219A1A5-D05D-933A-BDF0-DA8AE57B93F2}.Debug|Any CPU.ActiveCfg = Debug|Any CPU
		{D219A1A5-D05D-933A-BDF0-DA8AE57B93F2}.Debug|Any CPU.Build.0 = Debug|Any CPU
		{D219A1A5-D05D-933A-BDF0-DA8AE57B93F2}.Release|Any CPU.ActiveCfg = Release|Any CPU
		{D219A1A5-D05D-933A-BDF0-DA8AE57B93F2}.Release|Any CPU.Build.0 = Release|Any CPU
		{B99CB7F1-1BE1-AA45-A95D-E2C206AD72EC}.Debug|Any CPU.ActiveCfg = Debug|Any CPU
		{B99CB7F1-1BE1-AA45-A95D-E2C206AD72EC}.Debug|Any CPU.Build.0 = Debug|Any CPU
		{B99CB7F1-1BE1-AA45-A95D-E2C206AD72EC}.Release|Any CPU.ActiveCfg = Release|Any CPU
		{B99CB7F1-1BE1-AA45-A95D-E2C206AD72EC}.Release|Any CPU.Build.0 = Release|Any CPU
		{6D42C859-2F77-DB12-2A99-9890FC1FA19F}.Debug|Any CPU.ActiveCfg = Debug|Any CPU
		{6D42C859-2F77-DB12-2A99-9890FC1FA19F}.Debug|Any CPU.Build.0 = Debug|Any CPU
		{6D42C859-2F77-DB12-2A99-9890FC1FA19F}.Release|Any CPU.ActiveCfg = Release|Any CPU
		{6D42C859-2F77-DB12-2A99-9890FC1FA19F}.Release|Any CPU.Build.0 = Release|Any CPU
		{6BB4446D-8BAC-DDA8-D530-FD56D25E0CAD}.Debug|Any CPU.ActiveCfg = Debug|Any CPU
		{6BB4446D-8BAC-DDA8-D530-FD56D25E0CAD}.Debug|Any CPU.Build.0 = Debug|Any CPU
		{6BB4446D-8BAC-DDA8-D530-FD56D25E0CAD}.Release|Any CPU.ActiveCfg = Release|Any CPU
		{6BB4446D-8BAC-DDA8-D530-FD56D25E0CAD}.Release|Any CPU.Build.0 = Release|Any CPU
		{F561D48F-4F7E-E339-907A-CD4D92E954F9}.Debug|Any CPU.ActiveCfg = Debug|Any CPU
		{F561D48F-4F7E-E339-907A-CD4D92E954F9}.Debug|Any CPU.Build.0 = Debug|Any CPU
		{F561D48F-4F7E-E339-907A-CD4D92E954F9}.Release|Any CPU.ActiveCfg = Release|Any CPU
		{F561D48F-4F7E-E339-907A-CD4D92E954F9}.Release|Any CPU.Build.0 = Release|Any CPU
		{08332F2F-C099-A6A8-80DD-B2F10D489777}.Debug|Any CPU.ActiveCfg = Debug|Any CPU
		{08332F2F-C099-A6A8-80DD-B2F10D489777}.Debug|Any CPU.Build.0 = Debug|Any CPU
		{08332F2F-C099-A6A8-80DD-B2F10D489777}.Release|Any CPU.ActiveCfg = Release|Any CPU
		{08332F2F-C099-A6A8-80DD-B2F10D489777}.Release|Any CPU.Build.0 = Release|Any CPU
		{162386EB-F870-A9D6-12CF-2AB2EF12D8EA}.Debug|Any CPU.ActiveCfg = Debug|Any CPU
		{162386EB-F870-A9D6-12CF-2AB2EF12D8EA}.Debug|Any CPU.Build.0 = Debug|Any CPU
		{162386EB-F870-A9D6-12CF-2AB2EF12D8EA}.Release|Any CPU.ActiveCfg = Release|Any CPU
		{162386EB-F870-A9D6-12CF-2AB2EF12D8EA}.Release|Any CPU.Build.0 = Release|Any CPU
		{7AE62B1D-5495-C019-DFB2-CFE1D4BA51E4}.Debug|Any CPU.ActiveCfg = Debug|Any CPU
		{7AE62B1D-5495-C019-DFB2-CFE1D4BA51E4}.Debug|Any CPU.Build.0 = Debug|Any CPU
		{7AE62B1D-5495-C019-DFB2-CFE1D4BA51E4}.Release|Any CPU.ActiveCfg = Release|Any CPU
		{7AE62B1D-5495-C019-DFB2-CFE1D4BA51E4}.Release|Any CPU.Build.0 = Release|Any CPU
	EndGlobalSection
	GlobalSection(SolutionProperties) = preSolution
		HideSolutionNode = FALSE
	EndGlobalSection
EndGlobal
